lockfileVersion: '9.0'

settings:
  autoInstallPeers: true
  excludeLinksFromLockfile: false

overrides:
  iconv-lite: 0.7.0

importers:

  .:
    dependencies:
      '@cloudflare/kv-asset-handler':
        specifier: ^0.4.1
        version: 0.4.1
      '@hono/node-server':
        specifier: ^1.0.0
        version: 1.19.8(hono@4.11.3)
      hono:
        specifier: ^4.0.0
        version: 4.11.3

packages:

  '@cloudflare/kv-asset-handler@0.4.1':
    resolution: {integrity: sha512-Nu8ahitGFFJztxUml9oD/DLb7Z28C8cd8F46IVQ7y5Btz575pvMY8AqZsXkX7Gds29eCKdMgIHjIvzskHgPSFg==}
    engines: {node: '>=18.0.0'}

  '@hono/node-server@1.19.8':
    resolution: {integrity: sha512-0/g2lIOPzX8f3vzW1ggQgvG5mjtFBDBHFAzI5SFAi2DzSqS9luJwqg9T6O/gKYLi+inS7eNxBeIFkkghIPvrMA==}
    engines: {node: '>=18.14.1'}
    peerDependencies:
      hono: ^4

  hono@4.11.3:
    resolution: {integrity: sha512-PmQi306+M/ct/m5s66Hrg+adPnkD5jiO6IjA7WhWw0gSBSo1EcRegwuI1deZ+wd5pzCGynCcn2DprnE4/yEV4w==}
    engines: {node: '>=16.9.0'}

  mime@3.0.0:
    resolution: {integrity: sha512-jSCU7/VB1loIWBZe14aEYHU/+1UMEHoaO7qxCOVJOw9GgH72VAWppxNcjU+x9a2k3GSIBXNKxXQFqRvvZ7vr3A==}
    engines: {node: '>=10.0.0'}
    hasBin: true

snapshots:

  '@cloudflare/kv-asset-handler@0.4.1':
    dependencies:
      mime: 3.0.0

  '@hono/node-server@1.19.8(hono@4.11.3)':
    dependencies:
      hono: 4.11.3

  hono@4.11.3: {}

  mime@3.0.0: {}
